
Microsoft Visual Studio Solution File, Format Version 12.00
# Visual Studio Version 17
VisualStudioVersion = 17.0.31903.59
MinimumVisualStudioVersion = 10.0.40219.1
Project("{FAE04EC0-301F-11D3-BF4B-00C04F79EFBC}") = "WebApi", "WebApi\WebApi.csproj", "{406F5040-441A-4CA0-B857-2863EBFE6DE1}"
EndProject
Project("{2150E333-8FDC-42A3-9474-1A3956D46DE8}") = "Tests", "Tests", "{451DB55D-EFC7-4D84-882A-DF0B255239D1}"
EndProject
Project("{FAE04EC0-301F-11D3-BF4B-00C04F79EFBC}") = "WebApi.UnitTests", "Tests\WebApi.UnitTests\WebApi.UnitTests.csproj", "{8DAF4179-985E-444E-B751-FDBBA06E6AA0}"
EndProject
Global
	GlobalSection(SolutionConfigurationPlatforms) = preSolution
		Debug|Any CPU = Debug|Any CPU
		Release|Any CPU = Release|Any CPU
	EndGlobalSection
	GlobalSection(SolutionProperties) = preSolution
		HideSolutionNode = FALSE
	EndGlobalSection
	GlobalSection(ProjectConfigurationPlatforms) = postSolution
		{406F5040-441A-4CA0-B857-2863EBFE6DE1}.Debug|Any CPU.ActiveCfg = Debug|Any CPU
		{406F5040-441A-4CA0-B857-2863EBFE6DE1}.Debug|Any CPU.Build.0 = Debug|Any CPU
		{406F5040-441A-4CA0-B857-2863EBFE6DE1}.Release|Any CPU.ActiveCfg = Release|Any CPU
		{406F5040-441A-4CA0-B857-2863EBFE6DE1}.Release|Any CPU.Build.0 = Release|Any CPU
		{8DAF4179-985E-444E-B751-FDBBA06E6AA0}.Debug|Any CPU.ActiveCfg = Debug|Any CPU
		{8DAF4179-985E-444E-B751-FDBBA06E6AA0}.Debug|Any CPU.Build.0 = Debug|Any CPU
		{8DAF4179-985E-444E-B751-FDBBA06E6AA0}.Release|Any CPU.ActiveCfg = Release|Any CPU
		{8DAF4179-985E-444E-B751-FDBBA06E6AA0}.Release|Any CPU.Build.0 = Release|Any CPU
	EndGlobalSection
	GlobalSection(NestedProjects) = preSolution
		{8DAF4179-985E-444E-B751-FDBBA06E6AA0} = {451DB55D-EFC7-4D84-882A-DF0B255239D1}
	EndGlobalSection
EndGlobal
